// !$*UTF8*$!
{
	archiveVersion = 1;
	classes = {
	};
	objectVersion = 54;
	objects = {

/* Begin PBXBuildFile section */
		813FF86E241C6E4D00F5CD1E /* YKFKeyCommandConfiguration.h in CopyFiles */ = {isa = PBXBuildFile; fileRef = 951446A221874CC2002BB3C5 /* YKFKeyCommandConfiguration.h */; };
		8152340D23B59B85004D4788 /* YKFSlot.h in CopyFiles */ = {isa = PBXBuildFile; fileRef = 815233FA23B569A1004D4788 /* YKFSlot.h */; };
		816C684B2343126100209342 /* YKFNFCTagDescription.m in Sources */ = {isa = PBXBuildFile; fileRef = 816C684A2343126100209342 /* YKFNFCTagDescription.m */; };
		816C684E23431BE600209342 /* YKFNFCTagDescription.h in CopyFiles */ = {isa = PBXBuildFile; fileRef = 816C68492343126100209342 /* YKFNFCTagDescription.h */; };
		81F94D9323F4DF4400475A70 /* YKFMGMTApplicationType.h in CopyFiles */ = {isa = PBXBuildFile; fileRef = 81F94D8D23F3585100475A70 /* YKFMGMTApplicationType.h */; };
		81F94D9423F4DF4400475A70 /* YKFMGMTTransportType.h in CopyFiles */ = {isa = PBXBuildFile; fileRef = 81F94D8E23F3605000475A70 /* YKFMGMTTransportType.h */; };
		81FD3B982404889C004C4FE9 /* YKFKeyVersion.m in Sources */ = {isa = PBXBuildFile; fileRef = 81FD3B972404889C004C4FE9 /* YKFKeyVersion.m */; };
		81FD3B99240488F6004C4FE9 /* YKFKeyVersion.h in CopyFiles */ = {isa = PBXBuildFile; fileRef = 81FD3B962404889C004C4FE9 /* YKFKeyVersion.h */; };
		95081DEE2214255B006CD08C /* YKFKeyRequest.m in Sources */ = {isa = PBXBuildFile; fileRef = 95081DED2214255B006CD08C /* YKFKeyRequest.m */; };
		95081DEF22142581006CD08C /* YKFKeyRequest.h in CopyFiles */ = {isa = PBXBuildFile; fileRef = 95081DEC2214255B006CD08C /* YKFKeyRequest.h */; };
		951446A021873D43002BB3C5 /* YKFNSMutableDataAdditions.m in Sources */ = {isa = PBXBuildFile; fileRef = 95D5E2DB2187159700AA1C11 /* YKFNSMutableDataAdditions.m */; };
		951446A421874CC2002BB3C5 /* YKFKeyCommandConfiguration.m in Sources */ = {isa = PBXBuildFile; fileRef = 951446A321874CC2002BB3C5 /* YKFKeyCommandConfiguration.m */; };
		951446A521876060002BB3C5 /* YKFKeyRawCommandService.h in CopyFiles */ = {isa = PBXBuildFile; fileRef = 95D5E2D7218712BF00AA1C11 /* YKFKeyRawCommandService.h */; };
		951446AA2188592C002BB3C5 /* YKFPCSCLayer.m in Sources */ = {isa = PBXBuildFile; fileRef = 951446A92188592C002BB3C5 /* YKFPCSCLayer.m */; };
		951446AD21885962002BB3C5 /* YKFPCSC.m in Sources */ = {isa = PBXBuildFile; fileRef = 951446AC21885962002BB3C5 /* YKFPCSC.m */; };
		95233E552330DEE000C51F92 /* YubiKitLogger.m in Sources */ = {isa = PBXBuildFile; fileRef = 95233E532330DEDF00C51F92 /* YubiKitLogger.m */; };
		95233E562330DEF200C51F92 /* YubiKitLogger.h in CopyFiles */ = {isa = PBXBuildFile; fileRef = 95233E542330DEDF00C51F92 /* YubiKitLogger.h */; };
		95294B46231527F50014C30B /* YKFNFCSession.h in CopyFiles */ = {isa = PBXBuildFile; fileRef = 95E152A52315257600C4B7E7 /* YKFNFCSession.h */; };
		9533068A2088CB9F00A625C8 /* UIWindowAdditions.m in Sources */ = {isa = PBXBuildFile; fileRef = 953306892088CB9F00A625C8 /* UIWindowAdditions.m */; };
		953A5079213E9F4600929ABB /* YKFAccessoryDescription.m in Sources */ = {isa = PBXBuildFile; fileRef = 953A5078213E9F4600929ABB /* YKFAccessoryDescription.m */; };
		953A507D213EA16600929ABB /* YKFAccessoryDescription.h in CopyFiles */ = {isa = PBXBuildFile; fileRef = 953A5077213E9F4600929ABB /* YKFAccessoryDescription.h */; };
		9541143521908A8C00D39C7B /* YKFPCSC.h in CopyFiles */ = {isa = PBXBuildFile; fileRef = 951446AB21885962002BB3C5 /* YKFPCSC.h */; };
		9541143621908A8C00D39C7B /* YKFPCSCErrors.h in CopyFiles */ = {isa = PBXBuildFile; fileRef = 951446AE21886966002BB3C5 /* YKFPCSCErrors.h */; };
		9541143721908A8C00D39C7B /* YKFPCSCTypes.h in CopyFiles */ = {isa = PBXBuildFile; fileRef = 951446AF218876D9002BB3C5 /* YKFPCSCTypes.h */; };
		955188302265F4EE001A4191 /* YKFKeyAPDUError.m in Sources */ = {isa = PBXBuildFile; fileRef = 9551882F2265F4EE001A4191 /* YKFKeyAPDUError.m */; };
		955188312265FC89001A4191 /* YKFKeyAPDUError.h in CopyFiles */ = {isa = PBXBuildFile; fileRef = 9551882E2265F4EE001A4191 /* YKFKeyAPDUError.h */; };
		955BCC0F215A9A4D00C2EA2B /* MF_Base32Additions.m in Sources */ = {isa = PBXBuildFile; fileRef = 955BCC0E215A9A4C00C2EA2B /* MF_Base32Additions.m */; };
		956884C820AAE6F200E0F72C /* YKFNSDataAdditions.m in Sources */ = {isa = PBXBuildFile; fileRef = 95DD40772099A4EB00363FEE /* YKFNSDataAdditions.m */; };
		956884C920AAE70E00E0F72C /* UIDeviceAdditions.m in Sources */ = {isa = PBXBuildFile; fileRef = 95C29634206259050091318B /* UIDeviceAdditions.m */; };
		956DB66B206391C5006B1738 /* YKFQRCodeScanError.m in Sources */ = {isa = PBXBuildFile; fileRef = 956DB66A206391C5006B1738 /* YKFQRCodeScanError.m */; };
		956DB66F20639C2B006B1738 /* YKFQRCodeScanOverlayView.m in Sources */ = {isa = PBXBuildFile; fileRef = 956DB66E20639C2B006B1738 /* YKFQRCodeScanOverlayView.m */; };
		956DB67220639C7D006B1738 /* YKFQRCodeScanViewController.m in Sources */ = {isa = PBXBuildFile; fileRef = 956DB67120639C7D006B1738 /* YKFQRCodeScanViewController.m */; };
		956DB6742063B41E006B1738 /* AudioToolbox.framework in Frameworks */ = {isa = PBXBuildFile; fileRef = 956DB6732063B41E006B1738 /* AudioToolbox.framework */; };
		956DB6762063DEF1006B1738 /* YubiKitManager.h in CopyFiles */ = {isa = PBXBuildFile; fileRef = 95C296582062A5970091318B /* YubiKitManager.h */; };
		956DB6772063DEF7006B1738 /* YubiKitConfiguration.h in CopyFiles */ = {isa = PBXBuildFile; fileRef = 95C296552062A46A0091318B /* YubiKitConfiguration.h */; };
		956DB6782063DEFC006B1738 /* YubiKitExternalLocalization.h in CopyFiles */ = {isa = PBXBuildFile; fileRef = 95C2964E206295A00091318B /* YubiKitExternalLocalization.h */; };
		956DB6792063DF57006B1738 /* YubiKitDeviceCapabilities.h in CopyFiles */ = {isa = PBXBuildFile; fileRef = 95C2965220629FD10091318B /* YubiKitDeviceCapabilities.h */; };
		956DB67A2063DF7E006B1738 /* YKFQRCodeScanError.h in CopyFiles */ = {isa = PBXBuildFile; fileRef = 956DB669206391C5006B1738 /* YKFQRCodeScanError.h */; };
		956DB67F2063E073006B1738 /* YKFNFCError.h in CopyFiles */ = {isa = PBXBuildFile; fileRef = 95C2964820627F2F0091318B /* YKFNFCError.h */; };
		958491732130286900D7E2A3 /* YKFAccessorySessionConfiguration.m in Sources */ = {isa = PBXBuildFile; fileRef = 958491722130286900D7E2A3 /* YKFAccessorySessionConfiguration.m */; };
		95885B0820A07ED800828D02 /* YKFQRReaderSession.m in Sources */ = {isa = PBXBuildFile; fileRef = 95885B0720A07ED800828D02 /* YKFQRReaderSession.m */; };
		95885B0920A081F000828D02 /* YKFQRReaderSession.h in CopyFiles */ = {isa = PBXBuildFile; fileRef = 95885B0620A07ED800828D02 /* YKFQRReaderSession.h */; };
		95885B0E20A098E600828D02 /* YKFKeySessionError.h in CopyFiles */ = {isa = PBXBuildFile; fileRef = 95DD408C2099A88400363FEE /* YKFKeySessionError.h */; };
		95885B1420A0994F00828D02 /* YKFAccessorySession.h in CopyFiles */ = {isa = PBXBuildFile; fileRef = 95DD40A02099A8A300363FEE /* YKFAccessorySession.h */; };
		95885B1620A0994F00828D02 /* YKFNSDataAdditions.h in CopyFiles */ = {isa = PBXBuildFile; fileRef = 95DD40762099A4EB00363FEE /* YKFNSDataAdditions.h */; };
		95885B1820A2F94700828D02 /* YKFAccessoryConnectionController.m in Sources */ = {isa = PBXBuildFile; fileRef = 95DD40A52099A8A400363FEE /* YKFAccessoryConnectionController.m */; };
		95885B2A20A3187700828D02 /* libYubiKit.a in Frameworks */ = {isa = PBXBuildFile; fileRef = 95C29611206247210091318B /* libYubiKit.a */; };
		958D0B64215D106F00942CB9 /* YKFKeyService.m in Sources */ = {isa = PBXBuildFile; fileRef = 958D0B63215D106F00942CB9 /* YKFKeyService.m */; };
		958D0B68215D10F200942CB9 /* YKFKeyService.h in CopyFiles */ = {isa = PBXBuildFile; fileRef = 958D0B62215D106F00942CB9 /* YKFKeyService.h */; };
		95B58B8B229C03AE00199F8E /* YKFAccessorySession+Debugging.m in Sources */ = {isa = PBXBuildFile; fileRef = 95B58B8A229C03AE00199F8E /* YKFAccessorySession+Debugging.m */; };
		95C29617206247210091318B /* YubiKit.h in CopyFiles */ = {isa = PBXBuildFile; fileRef = 95C29614206247210091318B /* YubiKit.h */; };
		95C2961F206247450091318B /* CoreNFC.framework in Frameworks */ = {isa = PBXBuildFile; fileRef = 95C2961E206247450091318B /* CoreNFC.framework */; platformFilter = ios; };
		95C29628206250820091318B /* AVFoundation.framework in Frameworks */ = {isa = PBXBuildFile; fileRef = 95C29627206250820091318B /* AVFoundation.framework */; };
		95C2962C206250D90091318B /* YKFPermissions.m in Sources */ = {isa = PBXBuildFile; fileRef = 95C2962B206250D90091318B /* YKFPermissions.m */; };
		95C29632206256120091318B /* YKFLogger.m in Sources */ = {isa = PBXBuildFile; fileRef = 95C29631206256120091318B /* YKFLogger.m */; };
		95C29635206259050091318B /* UIDeviceAdditions.m in Sources */ = {isa = PBXBuildFile; fileRef = 95C29634206259050091318B /* UIDeviceAdditions.m */; };
		95C29637206259660091318B /* UIKit.framework in Frameworks */ = {isa = PBXBuildFile; fileRef = 95C29636206259660091318B /* UIKit.framework */; };
		95C2963A20625A180091318B /* YKFView.m in Sources */ = {isa = PBXBuildFile; fileRef = 95C2963920625A180091318B /* YKFView.m */; };
		95C2963D2062634C0091318B /* YKFViewController.m in Sources */ = {isa = PBXBuildFile; fileRef = 95C2963C2062634C0091318B /* YKFViewController.m */; };
		95C2964A20627F2F0091318B /* YKFNFCError.m in Sources */ = {isa = PBXBuildFile; fileRef = 95C2964920627F2F0091318B /* YKFNFCError.m */; };
		95C29650206295A00091318B /* YubiKitExternalLocalization.m in Sources */ = {isa = PBXBuildFile; fileRef = 95C2964F206295A00091318B /* YubiKitExternalLocalization.m */; };
		95C2965420629FD10091318B /* YubiKitDeviceCapabilities.m in Sources */ = {isa = PBXBuildFile; fileRef = 95C2965320629FD10091318B /* YubiKitDeviceCapabilities.m */; };
		95C296572062A46B0091318B /* YubiKitConfiguration.m in Sources */ = {isa = PBXBuildFile; fileRef = 95C296562062A46B0091318B /* YubiKitConfiguration.m */; };
		95C2965A2062A5970091318B /* YubiKitManager.m in Sources */ = {isa = PBXBuildFile; fileRef = 95C296592062A5970091318B /* YubiKitManager.m */; };
		95D5E2D9218712BF00AA1C11 /* YKFKeyRawCommandService.m in Sources */ = {isa = PBXBuildFile; fileRef = 95D5E2D8218712BF00AA1C11 /* YKFKeyRawCommandService.m */; };
		95D5E2DC2187159700AA1C11 /* YKFNSMutableDataAdditions.m in Sources */ = {isa = PBXBuildFile; fileRef = 95D5E2DB2187159700AA1C11 /* YKFNSMutableDataAdditions.m */; };
		95D5E2DD2187173D00AA1C11 /* YKFAPDU.h in CopyFiles */ = {isa = PBXBuildFile; fileRef = 95DD407F2099A86900363FEE /* YKFAPDU.h */; };
		95D7364A21C9119D0039141A /* YKFPCSCErrorMap.m in Sources */ = {isa = PBXBuildFile; fileRef = 95D7364921C9119D0039141A /* YKFPCSCErrorMap.m */; };
		95DD40782099A4EB00363FEE /* YKFNSDataAdditions.m in Sources */ = {isa = PBXBuildFile; fileRef = 95DD40772099A4EB00363FEE /* YKFNSDataAdditions.m */; };
		95DD407B2099A64C00363FEE /* YKFDispatch.m in Sources */ = {isa = PBXBuildFile; fileRef = 95DD407A2099A64C00363FEE /* YKFDispatch.m */; };
		95DD40892099A86A00363FEE /* YKFAPDU.m in Sources */ = {isa = PBXBuildFile; fileRef = 95DD40822099A86900363FEE /* YKFAPDU.m */; };
		95DD408E2099A88500363FEE /* YKFKeySessionError.m in Sources */ = {isa = PBXBuildFile; fileRef = 95DD408D2099A88400363FEE /* YKFKeySessionError.m */; };
		95DD40A72099A8A400363FEE /* YKFAccessorySession.m in Sources */ = {isa = PBXBuildFile; fileRef = 95DD40A32099A8A300363FEE /* YKFAccessorySession.m */; };
		95DF11922317C60600CF0C39 /* YKFNFCConnectionController.m in Sources */ = {isa = PBXBuildFile; fileRef = 95DF11912317C60600CF0C39 /* YKFNFCConnectionController.m */; };
		95E152A72315257600C4B7E7 /* YKFNFCSession.m in Sources */ = {isa = PBXBuildFile; fileRef = 95E152A62315257600C4B7E7 /* YKFNFCSession.m */; };
		95E1B259219EE2D300E349E3 /* YKFKVOObservation.m in Sources */ = {isa = PBXBuildFile; fileRef = 95E1B258219EE2D300E349E3 /* YKFKVOObservation.m */; };
		95E3934420C137770027E7B4 /* YKFURIIdentifierCode.m in Sources */ = {isa = PBXBuildFile; fileRef = 95E3934320C137770027E7B4 /* YKFURIIdentifierCode.m */; };
		95EA81E72178805D0020595D /* YKFNSStringAdditions.m in Sources */ = {isa = PBXBuildFile; fileRef = 95EA81E62178805D0020595D /* YKFNSStringAdditions.m */; };
		95EEEF6321664E4600BE7D7B /* MF_Base32Additions.m in Sources */ = {isa = PBXBuildFile; fileRef = 955BCC0E215A9A4C00C2EA2B /* MF_Base32Additions.m */; };
		A51F7B1D23EFC6DB0046F6A3 /* YKFNSStringAdditions.m in Sources */ = {isa = PBXBuildFile; fileRef = 95EA81E62178805D0020595D /* YKFNSStringAdditions.m */; };
/* End PBXBuildFile section */

/* Begin PBXContainerItemProxy section */
		95885B2B20A3187700828D02 /* PBXContainerItemProxy */ = {
			isa = PBXContainerItemProxy;
			containerPortal = 95C29609206247210091318B /* Project object */;
			proxyType = 1;
			remoteGlobalIDString = 95C29610206247210091318B;
			remoteInfo = YubiKit;
		};
/* End PBXContainerItemProxy section */

/* Begin PBXCopyFilesBuildPhase section */
		95C2960F206247210091318B /* CopyFiles */ = {
			isa = PBXCopyFilesBuildPhase;
			buildActionMask = 2147483647;
			dstPath = "include/$(PRODUCT_NAME)";
			dstSubfolderSpec = 16;
			files = (
				813FF86E241C6E4D00F5CD1E /* YKFKeyCommandConfiguration.h in CopyFiles */,
				81FD3B99240488F6004C4FE9 /* YKFKeyVersion.h in CopyFiles */,
				81F94D9323F4DF4400475A70 /* YKFMGMTApplicationType.h in CopyFiles */,
				81F94D9423F4DF4400475A70 /* YKFMGMTTransportType.h in CopyFiles */,
				8152340D23B59B85004D4788 /* YKFSlot.h in CopyFiles */,
				816C684E23431BE600209342 /* YKFNFCTagDescription.h in CopyFiles */,
				95294B46231527F50014C30B /* YKFNFCSession.h in CopyFiles */,
				95233E562330DEF200C51F92 /* YubiKitLogger.h in CopyFiles */,
				955188312265FC89001A4191 /* YKFKeyAPDUError.h in CopyFiles */,
				95081DEF22142581006CD08C /* YKFKeyRequest.h in CopyFiles */,
				9541143521908A8C00D39C7B /* YKFPCSC.h in CopyFiles */,
				9541143621908A8C00D39C7B /* YKFPCSCErrors.h in CopyFiles */,
				9541143721908A8C00D39C7B /* YKFPCSCTypes.h in CopyFiles */,
				951446A521876060002BB3C5 /* YKFKeyRawCommandService.h in CopyFiles */,
				95D5E2DD2187173D00AA1C11 /* YKFAPDU.h in CopyFiles */,
				958D0B68215D10F200942CB9 /* YKFKeyService.h in CopyFiles */,
				953A507D213EA16600929ABB /* YKFAccessoryDescription.h in CopyFiles */,
				95885B1420A0994F00828D02 /* YKFAccessorySession.h in CopyFiles */,
				95885B1620A0994F00828D02 /* YKFNSDataAdditions.h in CopyFiles */,
				95885B0E20A098E600828D02 /* YKFKeySessionError.h in CopyFiles */,
				95885B0920A081F000828D02 /* YKFQRReaderSession.h in CopyFiles */,
				956DB67F2063E073006B1738 /* YKFNFCError.h in CopyFiles */,
				956DB67A2063DF7E006B1738 /* YKFQRCodeScanError.h in CopyFiles */,
				956DB6792063DF57006B1738 /* YubiKitDeviceCapabilities.h in CopyFiles */,
				956DB6782063DEFC006B1738 /* YubiKitExternalLocalization.h in CopyFiles */,
				956DB6772063DEF7006B1738 /* YubiKitConfiguration.h in CopyFiles */,
				956DB6762063DEF1006B1738 /* YubiKitManager.h in CopyFiles */,
				95C29617206247210091318B /* YubiKit.h in CopyFiles */,
			);
			runOnlyForDeploymentPostprocessing = 0;
		};
/* End PBXCopyFilesBuildPhase section */

/* Begin PBXFileReference section */
		811F91EF2383C57B002158ED /* Changelog.md */ = {isa = PBXFileReference; fileEncoding = 4; lastKnownFileType = net.daringfireball.markdown; name = Changelog.md; path = ../Changelog.md; sourceTree = "<group>"; };
		815233FA23B569A1004D4788 /* YKFSlot.h */ = {isa = PBXFileReference; lastKnownFileType = sourcecode.c.h; path = YKFSlot.h; sourceTree = "<group>"; };
		816C68492343126100209342 /* YKFNFCTagDescription.h */ = {isa = PBXFileReference; lastKnownFileType = sourcecode.c.h; path = YKFNFCTagDescription.h; sourceTree = "<group>"; };
		816C684A2343126100209342 /* YKFNFCTagDescription.m */ = {isa = PBXFileReference; lastKnownFileType = sourcecode.c.objc; path = YKFNFCTagDescription.m; sourceTree = "<group>"; };
		816C684C234315CC00209342 /* YKFNFCTagDescription+Private.h */ = {isa = PBXFileReference; lastKnownFileType = sourcecode.c.h; path = "YKFNFCTagDescription+Private.h"; sourceTree = "<group>"; };
		81DF8FD9237B531700737268 /* README.md */ = {isa = PBXFileReference; fileEncoding = 4; lastKnownFileType = net.daringfireball.markdown; name = README.md; path = ../README.md; sourceTree = "<group>"; };
		81DF8FDA237B534D00737268 /* docs */ = {isa = PBXFileReference; lastKnownFileType = folder; name = docs; path = ../docs; sourceTree = "<group>"; };
		81F94D8D23F3585100475A70 /* YKFMGMTApplicationType.h */ = {isa = PBXFileReference; lastKnownFileType = sourcecode.c.h; path = YKFMGMTApplicationType.h; sourceTree = "<group>"; };
		81F94D8E23F3605000475A70 /* YKFMGMTTransportType.h */ = {isa = PBXFileReference; lastKnownFileType = sourcecode.c.h; path = YKFMGMTTransportType.h; sourceTree = "<group>"; };
		81FD3B962404889C004C4FE9 /* YKFKeyVersion.h */ = {isa = PBXFileReference; fileEncoding = 4; lastKnownFileType = sourcecode.c.h; path = YKFKeyVersion.h; sourceTree = "<group>"; };
		81FD3B972404889C004C4FE9 /* YKFKeyVersion.m */ = {isa = PBXFileReference; fileEncoding = 4; lastKnownFileType = sourcecode.c.objc; path = YKFKeyVersion.m; sourceTree = "<group>"; };
		95081DEC2214255B006CD08C /* YKFKeyRequest.h */ = {isa = PBXFileReference; lastKnownFileType = sourcecode.c.h; path = YKFKeyRequest.h; sourceTree = "<group>"; };
		95081DED2214255B006CD08C /* YKFKeyRequest.m */ = {isa = PBXFileReference; lastKnownFileType = sourcecode.c.objc; path = YKFKeyRequest.m; sourceTree = "<group>"; };
		950C70072298051700E48458 /* UIDevice+Testing.h */ = {isa = PBXFileReference; lastKnownFileType = sourcecode.c.h; path = "UIDevice+Testing.h"; sourceTree = "<group>"; };
		9513760921512824006C843F /* EAAccessoryManager+Testing.h */ = {isa = PBXFileReference; lastKnownFileType = sourcecode.c.h; path = "EAAccessoryManager+Testing.h"; sourceTree = "<group>"; };
		951446A121874013002BB3C5 /* YKFKeyRawCommandService+Private.h */ = {isa = PBXFileReference; lastKnownFileType = sourcecode.c.h; path = "YKFKeyRawCommandService+Private.h"; sourceTree = "<group>"; };
		951446A221874CC2002BB3C5 /* YKFKeyCommandConfiguration.h */ = {isa = PBXFileReference; lastKnownFileType = sourcecode.c.h; path = YKFKeyCommandConfiguration.h; sourceTree = "<group>"; };
		951446A321874CC2002BB3C5 /* YKFKeyCommandConfiguration.m */ = {isa = PBXFileReference; lastKnownFileType = sourcecode.c.objc; path = YKFKeyCommandConfiguration.m; sourceTree = "<group>"; };
		951446A82188592C002BB3C5 /* YKFPCSCLayer.h */ = {isa = PBXFileReference; lastKnownFileType = sourcecode.c.h; path = YKFPCSCLayer.h; sourceTree = "<group>"; };
		951446A92188592C002BB3C5 /* YKFPCSCLayer.m */ = {isa = PBXFileReference; lastKnownFileType = sourcecode.c.objc; path = YKFPCSCLayer.m; sourceTree = "<group>"; };
		951446AB21885962002BB3C5 /* YKFPCSC.h */ = {isa = PBXFileReference; lastKnownFileType = sourcecode.c.h; path = YKFPCSC.h; sourceTree = "<group>"; };
		951446AC21885962002BB3C5 /* YKFPCSC.m */ = {isa = PBXFileReference; lastKnownFileType = sourcecode.c.objc; path = YKFPCSC.m; sourceTree = "<group>"; };
		951446AE21886966002BB3C5 /* YKFPCSCErrors.h */ = {isa = PBXFileReference; lastKnownFileType = sourcecode.c.h; path = YKFPCSCErrors.h; sourceTree = "<group>"; };
		951446AF218876D9002BB3C5 /* YKFPCSCTypes.h */ = {isa = PBXFileReference; lastKnownFileType = sourcecode.c.h; path = YKFPCSCTypes.h; sourceTree = "<group>"; };
		951EA6F92315B95500E35C8C /* YKFKeyConnectionControllerProtocol.h */ = {isa = PBXFileReference; lastKnownFileType = sourcecode.c.h; path = YKFKeyConnectionControllerProtocol.h; sourceTree = "<group>"; };
		95233E532330DEDF00C51F92 /* YubiKitLogger.m */ = {isa = PBXFileReference; fileEncoding = 4; lastKnownFileType = sourcecode.c.objc; path = YubiKitLogger.m; sourceTree = "<group>"; };
		95233E542330DEDF00C51F92 /* YubiKitLogger.h */ = {isa = PBXFileReference; fileEncoding = 4; lastKnownFileType = sourcecode.c.h; path = YubiKitLogger.h; sourceTree = "<group>"; };
		9529CBC5214AA8A10041D2F8 /* YKFAPDUCommandInstruction.h */ = {isa = PBXFileReference; lastKnownFileType = sourcecode.c.h; path = YKFAPDUCommandInstruction.h; sourceTree = "<group>"; };
		953306882088CB9F00A625C8 /* UIWindowAdditions.h */ = {isa = PBXFileReference; lastKnownFileType = sourcecode.c.h; path = UIWindowAdditions.h; sourceTree = "<group>"; };
		953306892088CB9F00A625C8 /* UIWindowAdditions.m */ = {isa = PBXFileReference; lastKnownFileType = sourcecode.c.objc; path = UIWindowAdditions.m; sourceTree = "<group>"; };
		953A5077213E9F4600929ABB /* YKFAccessoryDescription.h */ = {isa = PBXFileReference; lastKnownFileType = sourcecode.c.h; path = YKFAccessoryDescription.h; sourceTree = "<group>"; };
		953A5078213E9F4600929ABB /* YKFAccessoryDescription.m */ = {isa = PBXFileReference; lastKnownFileType = sourcecode.c.objc; path = YKFAccessoryDescription.m; sourceTree = "<group>"; };
		953A507A213EA10F00929ABB /* YKFAccessoryDescription+Private.h */ = {isa = PBXFileReference; lastKnownFileType = sourcecode.c.h; path = "YKFAccessoryDescription+Private.h"; sourceTree = "<group>"; };
		953A5080213FC77F00929ABB /* EASession+Testing.h */ = {isa = PBXFileReference; lastKnownFileType = sourcecode.c.h; path = "EASession+Testing.h"; sourceTree = "<group>"; };
		953A5086213FD0E600929ABB /* EAAccessory+Testing.h */ = {isa = PBXFileReference; lastKnownFileType = sourcecode.c.h; path = "EAAccessory+Testing.h"; sourceTree = "<group>"; };
		9547C9E3216CB648001E1F4A /* YKFAssert.h */ = {isa = PBXFileReference; lastKnownFileType = sourcecode.c.h; path = YKFAssert.h; sourceTree = "<group>"; };
		9551882E2265F4EE001A4191 /* YKFKeyAPDUError.h */ = {isa = PBXFileReference; lastKnownFileType = sourcecode.c.h; path = YKFKeyAPDUError.h; sourceTree = "<group>"; };
		9551882F2265F4EE001A4191 /* YKFKeyAPDUError.m */ = {isa = PBXFileReference; lastKnownFileType = sourcecode.c.objc; path = YKFKeyAPDUError.m; sourceTree = "<group>"; };
		955BCC0D215A9A4C00C2EA2B /* MF_Base32Additions.h */ = {isa = PBXFileReference; fileEncoding = 4; lastKnownFileType = sourcecode.c.h; path = MF_Base32Additions.h; sourceTree = "<group>"; };
		955BCC0E215A9A4C00C2EA2B /* MF_Base32Additions.m */ = {isa = PBXFileReference; fileEncoding = 4; lastKnownFileType = sourcecode.c.objc; path = MF_Base32Additions.m; sourceTree = "<group>"; };
		956DB669206391C5006B1738 /* YKFQRCodeScanError.h */ = {isa = PBXFileReference; lastKnownFileType = sourcecode.c.h; path = YKFQRCodeScanError.h; sourceTree = "<group>"; };
		956DB66A206391C5006B1738 /* YKFQRCodeScanError.m */ = {isa = PBXFileReference; lastKnownFileType = sourcecode.c.objc; path = YKFQRCodeScanError.m; sourceTree = "<group>"; };
		956DB66D20639C2B006B1738 /* YKFQRCodeScanOverlayView.h */ = {isa = PBXFileReference; lastKnownFileType = sourcecode.c.h; path = YKFQRCodeScanOverlayView.h; sourceTree = "<group>"; };
		956DB66E20639C2B006B1738 /* YKFQRCodeScanOverlayView.m */ = {isa = PBXFileReference; lastKnownFileType = sourcecode.c.objc; path = YKFQRCodeScanOverlayView.m; sourceTree = "<group>"; };
		956DB67020639C7C006B1738 /* YKFQRCodeScanViewController.h */ = {isa = PBXFileReference; lastKnownFileType = sourcecode.c.h; path = YKFQRCodeScanViewController.h; sourceTree = "<group>"; };
		956DB67120639C7D006B1738 /* YKFQRCodeScanViewController.m */ = {isa = PBXFileReference; lastKnownFileType = sourcecode.c.objc; path = YKFQRCodeScanViewController.m; sourceTree = "<group>"; };
		956DB6732063B41E006B1738 /* AudioToolbox.framework */ = {isa = PBXFileReference; lastKnownFileType = wrapper.framework; name = AudioToolbox.framework; path = System/Library/Frameworks/AudioToolbox.framework; sourceTree = SDKROOT; };
		956DB6802063EF27006B1738 /* YKFBlockMacros.h */ = {isa = PBXFileReference; lastKnownFileType = sourcecode.c.h; path = YKFBlockMacros.h; sourceTree = "<group>"; };
		956DB683206402AA006B1738 /* build.sh */ = {isa = PBXFileReference; lastKnownFileType = text.script.sh; path = build.sh; sourceTree = "<group>"; };
		956DB6862068E2DD006B1738 /* YKFQRCodeScanError+Errors.h */ = {isa = PBXFileReference; lastKnownFileType = sourcecode.c.h; path = "YKFQRCodeScanError+Errors.h"; sourceTree = "<group>"; };
		956DB691206A89A4006B1738 /* YKFNFCError+Errors.h */ = {isa = PBXFileReference; lastKnownFileType = sourcecode.c.h; path = "YKFNFCError+Errors.h"; sourceTree = "<group>"; };
		958491712130286900D7E2A3 /* YKFAccessorySessionConfiguration.h */ = {isa = PBXFileReference; lastKnownFileType = sourcecode.c.h; path = YKFAccessorySessionConfiguration.h; sourceTree = "<group>"; };
		958491722130286900D7E2A3 /* YKFAccessorySessionConfiguration.m */ = {isa = PBXFileReference; lastKnownFileType = sourcecode.c.objc; path = YKFAccessorySessionConfiguration.m; sourceTree = "<group>"; };
		95885B0620A07ED800828D02 /* YKFQRReaderSession.h */ = {isa = PBXFileReference; lastKnownFileType = sourcecode.c.h; path = YKFQRReaderSession.h; sourceTree = "<group>"; };
		95885B0720A07ED800828D02 /* YKFQRReaderSession.m */ = {isa = PBXFileReference; lastKnownFileType = sourcecode.c.objc; path = YKFQRReaderSession.m; sourceTree = "<group>"; };
		95885B1B20A30DBD00828D02 /* YKFKeySessionError+Private.h */ = {isa = PBXFileReference; lastKnownFileType = sourcecode.c.h; path = "YKFKeySessionError+Private.h"; sourceTree = "<group>"; };
		95885B2520A3187700828D02 /* YubiKitTests.xctest */ = {isa = PBXFileReference; explicitFileType = wrapper.cfbundle; includeInIndex = 0; path = YubiKitTests.xctest; sourceTree = BUILT_PRODUCTS_DIR; };
		95885B2920A3187700828D02 /* Info.plist */ = {isa = PBXFileReference; lastKnownFileType = text.plist.xml; path = Info.plist; sourceTree = "<group>"; };
		958D0B62215D106F00942CB9 /* YKFKeyService.h */ = {isa = PBXFileReference; lastKnownFileType = sourcecode.c.h; path = YKFKeyService.h; sourceTree = "<group>"; };
		958D0B63215D106F00942CB9 /* YKFKeyService.m */ = {isa = PBXFileReference; lastKnownFileType = sourcecode.c.objc; path = YKFKeyService.m; sourceTree = "<group>"; };
		958D0B65215D10AD00942CB9 /* YKFKeyService+Private.h */ = {isa = PBXFileReference; lastKnownFileType = sourcecode.c.h; path = "YKFKeyService+Private.h"; sourceTree = "<group>"; };
		95A67D7C218729E5008C0B59 /* YKFAPDU+Private.h */ = {isa = PBXFileReference; lastKnownFileType = sourcecode.c.h; path = "YKFAPDU+Private.h"; sourceTree = "<group>"; };
		95A6C92320ADAC09004F43CC /* YKFAccessorySession+Private.h */ = {isa = PBXFileReference; lastKnownFileType = sourcecode.c.h; path = "YKFAccessorySession+Private.h"; sourceTree = "<group>"; };
		95B58B89229C03AE00199F8E /* YKFAccessorySession+Debugging.h */ = {isa = PBXFileReference; lastKnownFileType = sourcecode.c.h; path = "YKFAccessorySession+Debugging.h"; sourceTree = "<group>"; };
		95B58B8A229C03AE00199F8E /* YKFAccessorySession+Debugging.m */ = {isa = PBXFileReference; lastKnownFileType = sourcecode.c.objc; path = "YKFAccessorySession+Debugging.m"; sourceTree = "<group>"; };
		95C29611206247210091318B /* libYubiKit.a */ = {isa = PBXFileReference; explicitFileType = archive.ar; includeInIndex = 0; path = libYubiKit.a; sourceTree = BUILT_PRODUCTS_DIR; };
		95C29614206247210091318B /* YubiKit.h */ = {isa = PBXFileReference; lastKnownFileType = sourcecode.c.h; path = YubiKit.h; sourceTree = "<group>"; };
		95C2961E206247450091318B /* CoreNFC.framework */ = {isa = PBXFileReference; lastKnownFileType = wrapper.framework; name = CoreNFC.framework; path = System/Library/Frameworks/CoreNFC.framework; sourceTree = SDKROOT; };
		95C29627206250820091318B /* AVFoundation.framework */ = {isa = PBXFileReference; lastKnownFileType = wrapper.framework; name = AVFoundation.framework; path = System/Library/Frameworks/AVFoundation.framework; sourceTree = SDKROOT; };
		95C2962A206250D90091318B /* YKFPermissions.h */ = {isa = PBXFileReference; lastKnownFileType = sourcecode.c.h; path = YKFPermissions.h; sourceTree = "<group>"; };
		95C2962B206250D90091318B /* YKFPermissions.m */ = {isa = PBXFileReference; lastKnownFileType = sourcecode.c.objc; path = YKFPermissions.m; sourceTree = "<group>"; };
		95C29630206256120091318B /* YKFLogger.h */ = {isa = PBXFileReference; lastKnownFileType = sourcecode.c.h; path = YKFLogger.h; sourceTree = "<group>"; };
		95C29631206256120091318B /* YKFLogger.m */ = {isa = PBXFileReference; lastKnownFileType = sourcecode.c.objc; path = YKFLogger.m; sourceTree = "<group>"; };
		95C29633206259050091318B /* UIDeviceAdditions.h */ = {isa = PBXFileReference; lastKnownFileType = sourcecode.c.h; path = UIDeviceAdditions.h; sourceTree = "<group>"; };
		95C29634206259050091318B /* UIDeviceAdditions.m */ = {isa = PBXFileReference; lastKnownFileType = sourcecode.c.objc; path = UIDeviceAdditions.m; sourceTree = "<group>"; };
		95C29636206259660091318B /* UIKit.framework */ = {isa = PBXFileReference; lastKnownFileType = wrapper.framework; name = UIKit.framework; path = System/Library/Frameworks/UIKit.framework; sourceTree = SDKROOT; };
		95C2963820625A180091318B /* YKFView.h */ = {isa = PBXFileReference; lastKnownFileType = sourcecode.c.h; path = YKFView.h; sourceTree = "<group>"; };
		95C2963920625A180091318B /* YKFView.m */ = {isa = PBXFileReference; lastKnownFileType = sourcecode.c.objc; path = YKFView.m; sourceTree = "<group>"; };
		95C2963B2062634C0091318B /* YKFViewController.h */ = {isa = PBXFileReference; lastKnownFileType = sourcecode.c.h; path = YKFViewController.h; sourceTree = "<group>"; };
		95C2963C2062634C0091318B /* YKFViewController.m */ = {isa = PBXFileReference; lastKnownFileType = sourcecode.c.objc; path = YKFViewController.m; sourceTree = "<group>"; };
		95C2964820627F2F0091318B /* YKFNFCError.h */ = {isa = PBXFileReference; lastKnownFileType = sourcecode.c.h; path = YKFNFCError.h; sourceTree = "<group>"; };
		95C2964920627F2F0091318B /* YKFNFCError.m */ = {isa = PBXFileReference; lastKnownFileType = sourcecode.c.objc; path = YKFNFCError.m; sourceTree = "<group>"; };
		95C2964E206295A00091318B /* YubiKitExternalLocalization.h */ = {isa = PBXFileReference; lastKnownFileType = sourcecode.c.h; path = YubiKitExternalLocalization.h; sourceTree = "<group>"; };
		95C2964F206295A00091318B /* YubiKitExternalLocalization.m */ = {isa = PBXFileReference; lastKnownFileType = sourcecode.c.objc; path = YubiKitExternalLocalization.m; sourceTree = "<group>"; };
		95C2965220629FD10091318B /* YubiKitDeviceCapabilities.h */ = {isa = PBXFileReference; lastKnownFileType = sourcecode.c.h; path = YubiKitDeviceCapabilities.h; sourceTree = "<group>"; };
		95C2965320629FD10091318B /* YubiKitDeviceCapabilities.m */ = {isa = PBXFileReference; lastKnownFileType = sourcecode.c.objc; path = YubiKitDeviceCapabilities.m; sourceTree = "<group>"; };
		95C296552062A46A0091318B /* YubiKitConfiguration.h */ = {isa = PBXFileReference; lastKnownFileType = sourcecode.c.h; path = YubiKitConfiguration.h; sourceTree = "<group>"; };
		95C296562062A46B0091318B /* YubiKitConfiguration.m */ = {isa = PBXFileReference; lastKnownFileType = sourcecode.c.objc; path = YubiKitConfiguration.m; sourceTree = "<group>"; };
		95C296582062A5970091318B /* YubiKitManager.h */ = {isa = PBXFileReference; lastKnownFileType = sourcecode.c.h; path = YubiKitManager.h; sourceTree = "<group>"; };
		95C296592062A5970091318B /* YubiKitManager.m */ = {isa = PBXFileReference; lastKnownFileType = sourcecode.c.objc; path = YubiKitManager.m; sourceTree = "<group>"; };
		95D433E7215E662A004463F5 /* YKFNSDataAdditions+Private.h */ = {isa = PBXFileReference; lastKnownFileType = sourcecode.c.h; path = "YKFNSDataAdditions+Private.h"; sourceTree = "<group>"; };
		95D5E2D7218712BF00AA1C11 /* YKFKeyRawCommandService.h */ = {isa = PBXFileReference; lastKnownFileType = sourcecode.c.h; path = YKFKeyRawCommandService.h; sourceTree = "<group>"; };
		95D5E2D8218712BF00AA1C11 /* YKFKeyRawCommandService.m */ = {isa = PBXFileReference; lastKnownFileType = sourcecode.c.objc; path = YKFKeyRawCommandService.m; sourceTree = "<group>"; };
		95D5E2DA2187159700AA1C11 /* YKFNSMutableDataAdditions.h */ = {isa = PBXFileReference; lastKnownFileType = sourcecode.c.h; path = YKFNSMutableDataAdditions.h; sourceTree = "<group>"; };
		95D5E2DB2187159700AA1C11 /* YKFNSMutableDataAdditions.m */ = {isa = PBXFileReference; lastKnownFileType = sourcecode.c.objc; path = YKFNSMutableDataAdditions.m; sourceTree = "<group>"; };
		95D7364821C9119D0039141A /* YKFPCSCErrorMap.h */ = {isa = PBXFileReference; lastKnownFileType = sourcecode.c.h; path = YKFPCSCErrorMap.h; sourceTree = "<group>"; };
		95D7364921C9119D0039141A /* YKFPCSCErrorMap.m */ = {isa = PBXFileReference; lastKnownFileType = sourcecode.c.objc; path = YKFPCSCErrorMap.m; sourceTree = "<group>"; };
		95DD40762099A4EB00363FEE /* YKFNSDataAdditions.h */ = {isa = PBXFileReference; fileEncoding = 4; lastKnownFileType = sourcecode.c.h; path = YKFNSDataAdditions.h; sourceTree = "<group>"; };
		95DD40772099A4EB00363FEE /* YKFNSDataAdditions.m */ = {isa = PBXFileReference; fileEncoding = 4; lastKnownFileType = sourcecode.c.objc; path = YKFNSDataAdditions.m; sourceTree = "<group>"; };
		95DD40792099A64C00363FEE /* YKFDispatch.h */ = {isa = PBXFileReference; lastKnownFileType = sourcecode.c.h; path = YKFDispatch.h; sourceTree = "<group>"; };
		95DD407A2099A64C00363FEE /* YKFDispatch.m */ = {isa = PBXFileReference; lastKnownFileType = sourcecode.c.objc; path = YKFDispatch.m; sourceTree = "<group>"; };
		95DD407F2099A86900363FEE /* YKFAPDU.h */ = {isa = PBXFileReference; fileEncoding = 4; lastKnownFileType = sourcecode.c.h; path = YKFAPDU.h; sourceTree = "<group>"; };
		95DD40822099A86900363FEE /* YKFAPDU.m */ = {isa = PBXFileReference; fileEncoding = 4; lastKnownFileType = sourcecode.c.objc; path = YKFAPDU.m; sourceTree = "<group>"; };
		95DD408C2099A88400363FEE /* YKFKeySessionError.h */ = {isa = PBXFileReference; fileEncoding = 4; lastKnownFileType = sourcecode.c.h; path = YKFKeySessionError.h; sourceTree = "<group>"; };
		95DD408D2099A88400363FEE /* YKFKeySessionError.m */ = {isa = PBXFileReference; fileEncoding = 4; lastKnownFileType = sourcecode.c.objc; path = YKFKeySessionError.m; sourceTree = "<group>"; };
		95DD409F2099A8A300363FEE /* YKFAccessoryConnectionController.h */ = {isa = PBXFileReference; fileEncoding = 4; lastKnownFileType = sourcecode.c.h; path = YKFAccessoryConnectionController.h; sourceTree = "<group>"; };
		95DD40A02099A8A300363FEE /* YKFAccessorySession.h */ = {isa = PBXFileReference; fileEncoding = 4; lastKnownFileType = sourcecode.c.h; path = YKFAccessorySession.h; sourceTree = "<group>"; };
		95DD40A32099A8A300363FEE /* YKFAccessorySession.m */ = {isa = PBXFileReference; fileEncoding = 4; lastKnownFileType = sourcecode.c.objc; path = YKFAccessorySession.m; sourceTree = "<group>"; };
		95DD40A52099A8A400363FEE /* YKFAccessoryConnectionController.m */ = {isa = PBXFileReference; fileEncoding = 4; lastKnownFileType = sourcecode.c.objc; path = YKFAccessoryConnectionController.m; sourceTree = "<group>"; };
		95DF11902317C60600CF0C39 /* YKFNFCConnectionController.h */ = {isa = PBXFileReference; lastKnownFileType = sourcecode.c.h; path = YKFNFCConnectionController.h; sourceTree = "<group>"; };
		95DF11912317C60600CF0C39 /* YKFNFCConnectionController.m */ = {isa = PBXFileReference; lastKnownFileType = sourcecode.c.objc; path = YKFNFCConnectionController.m; sourceTree = "<group>"; };
		95E152A52315257600C4B7E7 /* YKFNFCSession.h */ = {isa = PBXFileReference; lastKnownFileType = sourcecode.c.h; path = YKFNFCSession.h; sourceTree = "<group>"; };
		95E152A62315257600C4B7E7 /* YKFNFCSession.m */ = {isa = PBXFileReference; lastKnownFileType = sourcecode.c.objc; path = YKFNFCSession.m; sourceTree = "<group>"; };
		95E1B257219EE2D300E349E3 /* YKFKVOObservation.h */ = {isa = PBXFileReference; lastKnownFileType = sourcecode.c.h; path = YKFKVOObservation.h; sourceTree = "<group>"; };
		95E1B258219EE2D300E349E3 /* YKFKVOObservation.m */ = {isa = PBXFileReference; lastKnownFileType = sourcecode.c.objc; path = YKFKVOObservation.m; sourceTree = "<group>"; };
		95E3934220C137770027E7B4 /* YKFURIIdentifierCode.h */ = {isa = PBXFileReference; lastKnownFileType = sourcecode.c.h; path = YKFURIIdentifierCode.h; sourceTree = "<group>"; };
		95E3934320C137770027E7B4 /* YKFURIIdentifierCode.m */ = {isa = PBXFileReference; lastKnownFileType = sourcecode.c.objc; path = YKFURIIdentifierCode.m; sourceTree = "<group>"; };
		95EA81E52178805D0020595D /* YKFNSStringAdditions.h */ = {isa = PBXFileReference; lastKnownFileType = sourcecode.c.h; path = YKFNSStringAdditions.h; sourceTree = "<group>"; };
		95EA81E62178805D0020595D /* YKFNSStringAdditions.m */ = {isa = PBXFileReference; lastKnownFileType = sourcecode.c.objc; path = YKFNSStringAdditions.m; sourceTree = "<group>"; };
/* End PBXFileReference section */

/* Begin PBXFrameworksBuildPhase section */
		95885B2220A3187700828D02 /* Frameworks */ = {
			isa = PBXFrameworksBuildPhase;
			buildActionMask = 2147483647;
			files = (
				95885B2A20A3187700828D02 /* libYubiKit.a in Frameworks */,
			);
			runOnlyForDeploymentPostprocessing = 0;
		};
		95C2960E206247210091318B /* Frameworks */ = {
			isa = PBXFrameworksBuildPhase;
			buildActionMask = 2147483647;
			files = (
				956DB6742063B41E006B1738 /* AudioToolbox.framework in Frameworks */,
				95C29637206259660091318B /* UIKit.framework in Frameworks */,
				95C29628206250820091318B /* AVFoundation.framework in Frameworks */,
				95C2961F206247450091318B /* CoreNFC.framework in Frameworks */,
			);
			runOnlyForDeploymentPostprocessing = 0;
		};
/* End PBXFrameworksBuildPhase section */

/* Begin PBXGroup section */
		814813C823EA37E90003893B /* MGMT */ = {
			isa = PBXGroup;
			children = (
			);
			name = MGMT;
			sourceTree = "<group>";
		};
		814813E623EA38120003893B /* MGMT */ = {
			isa = PBXGroup;
			children = (
				81F94D8D23F3585100475A70 /* YKFMGMTApplicationType.h */,
				81F94D8E23F3605000475A70 /* YKFMGMTTransportType.h */,
			);
			name = MGMT;
			sourceTree = "<group>";
		};
		951446A6218858F0002BB3C5 /* Layers */ = {
			isa = PBXGroup;
			children = (
				951446B121889A21002BB3C5 /* PCSC */,
			);
			path = Layers;
			sourceTree = "<group>";
		};
		951446B121889A21002BB3C5 /* PCSC */ = {
			isa = PBXGroup;
			children = (
				951446AB21885962002BB3C5 /* YKFPCSC.h */,
				951446AC21885962002BB3C5 /* YKFPCSC.m */,
				95D7364821C9119D0039141A /* YKFPCSCErrorMap.h */,
				95D7364921C9119D0039141A /* YKFPCSCErrorMap.m */,
				951446AE21886966002BB3C5 /* YKFPCSCErrors.h */,
				951446A82188592C002BB3C5 /* YKFPCSCLayer.h */,
				951446A92188592C002BB3C5 /* YKFPCSCLayer.m */,
				951446AF218876D9002BB3C5 /* YKFPCSCTypes.h */,
			);
			path = PCSC;
			sourceTree = "<group>";
		};
		953306872088CB8400A625C8 /* Additions */ = {
			isa = PBXGroup;
			children = (
				95C29633206259050091318B /* UIDeviceAdditions.h */,
				95C29634206259050091318B /* UIDeviceAdditions.m */,
				953306882088CB9F00A625C8 /* UIWindowAdditions.h */,
				953306892088CB9F00A625C8 /* UIWindowAdditions.m */,
				95DD40762099A4EB00363FEE /* YKFNSDataAdditions.h */,
				95DD40772099A4EB00363FEE /* YKFNSDataAdditions.m */,
				95D433E7215E662A004463F5 /* YKFNSDataAdditions+Private.h */,
				95D5E2DA2187159700AA1C11 /* YKFNSMutableDataAdditions.h */,
				95D5E2DB2187159700AA1C11 /* YKFNSMutableDataAdditions.m */,
				95EA81E52178805D0020595D /* YKFNSStringAdditions.h */,
				95EA81E62178805D0020595D /* YKFNSStringAdditions.m */,
			);
			path = Additions;
			sourceTree = "<group>";
		};
		953A507E213EE92F00929ABB /* TestExtentions */ = {
			isa = PBXGroup;
			children = (
				953A5080213FC77F00929ABB /* EASession+Testing.h */,
				953A5086213FD0E600929ABB /* EAAccessory+Testing.h */,
				9513760921512824006C843F /* EAAccessoryManager+Testing.h */,
				950C70072298051700E48458 /* UIDevice+Testing.h */,
			);
			path = TestExtentions;
			sourceTree = "<group>";
		};
		953A507F213EECED00929ABB /* Sessions */ = {
			isa = PBXGroup;
			children = (
				95DD407D2099A84700363FEE /* AccessorySession */,
				95C2963E206264FB0091318B /* NFCSession */,
				956DB6682063919D006B1738 /* QRReaderSession */,
				95A2AD77230EA12500A4A568 /* Shared */,
			);
			path = Sessions;
			sourceTree = "<group>";
		};
		955BCC0B215A999400C2EA2B /* ThirdParties */ = {
			isa = PBXGroup;
			children = (
				955BCC0D215A9A4C00C2EA2B /* MF_Base32Additions.h */,
				955BCC0E215A9A4C00C2EA2B /* MF_Base32Additions.m */,
			);
			path = ThirdParties;
			sourceTree = "<group>";
		};
		956DB6682063919D006B1738 /* QRReaderSession */ = {
			isa = PBXGroup;
			children = (
				956DB6862068E2DD006B1738 /* YKFQRCodeScanError+Errors.h */,
				956DB669206391C5006B1738 /* YKFQRCodeScanError.h */,
				956DB66A206391C5006B1738 /* YKFQRCodeScanError.m */,
				956DB67020639C7C006B1738 /* YKFQRCodeScanViewController.h */,
				956DB67120639C7D006B1738 /* YKFQRCodeScanViewController.m */,
				95885B0620A07ED800828D02 /* YKFQRReaderSession.h */,
				95885B0720A07ED800828D02 /* YKFQRReaderSession.m */,
				956DB66C20639C0F006B1738 /* Views */,
			);
			path = QRReaderSession;
			sourceTree = "<group>";
		};
		956DB66C20639C0F006B1738 /* Views */ = {
			isa = PBXGroup;
			children = (
				956DB66D20639C2B006B1738 /* YKFQRCodeScanOverlayView.h */,
				956DB66E20639C2B006B1738 /* YKFQRCodeScanOverlayView.m */,
			);
			path = Views;
			sourceTree = "<group>";
		};
		9581394E21590652008558F3 /* Services */ = {
			isa = PBXGroup;
			children = (
				814813E623EA38120003893B /* MGMT */,
				958D0B62215D106F00942CB9 /* YKFKeyService.h */,
				958D0B63215D106F00942CB9 /* YKFKeyService.m */,
				958D0B65215D10AD00942CB9 /* YKFKeyService+Private.h */,
				95D5E2D6218711CB00AA1C11 /* RawCommand */,
			);
			path = Services;
			sourceTree = "<group>";
		};
		95885B2620A3187700828D02 /* YubiKitTests */ = {
			isa = PBXGroup;
			children = (
				95885B2920A3187700828D02 /* Info.plist */,
			);
			path = YubiKitTests;
			sourceTree = "<group>";
		};
		95A2AD77230EA12500A4A568 /* Shared */ = {
			isa = PBXGroup;
			children = (
				81FD3B962404889C004C4FE9 /* YKFKeyVersion.h */,
				81FD3B972404889C004C4FE9 /* YKFKeyVersion.m */,
				951446A221874CC2002BB3C5 /* YKFKeyCommandConfiguration.h */,
				951446A321874CC2002BB3C5 /* YKFKeyCommandConfiguration.m */,
				951EA6F92315B95500E35C8C /* YKFKeyConnectionControllerProtocol.h */,
				95DD407E2099A85700363FEE /* APDU */,
				95DD408B2099A87600363FEE /* Errors */,
				95DD408F2099A88A00363FEE /* Requests */,
				9581394E21590652008558F3 /* Services */,
			);
			path = Shared;
			sourceTree = "<group>";
		};
		95C29608206247210091318B = {
			isa = PBXGroup;
			children = (
				811F91EF2383C57B002158ED /* Changelog.md */,
				81DF8FDA237B534D00737268 /* docs */,
				81DF8FD9237B531700737268 /* README.md */,
				956DB683206402AA006B1738 /* build.sh */,
				95C29613206247210091318B /* YubiKit */,
				95885B2620A3187700828D02 /* YubiKitTests */,
				95C29612206247210091318B /* Products */,
				95C2961D206247440091318B /* Frameworks */,
			);
			sourceTree = "<group>";
		};
		95C29612206247210091318B /* Products */ = {
			isa = PBXGroup;
			children = (
				95C29611206247210091318B /* libYubiKit.a */,
				95885B2520A3187700828D02 /* YubiKitTests.xctest */,
			);
			name = Products;
			sourceTree = "<group>";
		};
		95C29613206247210091318B /* YubiKit */ = {
			isa = PBXGroup;
			children = (
				95C29614206247210091318B /* YubiKit.h */,
				95C296552062A46A0091318B /* YubiKitConfiguration.h */,
				95C296562062A46B0091318B /* YubiKitConfiguration.m */,
				95C2965220629FD10091318B /* YubiKitDeviceCapabilities.h */,
				95C2965320629FD10091318B /* YubiKitDeviceCapabilities.m */,
				95C2964E206295A00091318B /* YubiKitExternalLocalization.h */,
				95C2964F206295A00091318B /* YubiKitExternalLocalization.m */,
				95233E542330DEDF00C51F92 /* YubiKitLogger.h */,
				95233E532330DEDF00C51F92 /* YubiKitLogger.m */,
				95C296582062A5970091318B /* YubiKitManager.h */,
				95C296592062A5970091318B /* YubiKitManager.m */,
				953A507F213EECED00929ABB /* Sessions */,
				951446A6218858F0002BB3C5 /* Layers */,
				95C29629206250B30091318B /* Helpers */,
				953A507E213EE92F00929ABB /* TestExtentions */,
				955BCC0B215A999400C2EA2B /* ThirdParties */,
			);
			path = YubiKit;
			sourceTree = "<group>";
		};
		95C2961D206247440091318B /* Frameworks */ = {
			isa = PBXGroup;
			children = (
				956DB6732063B41E006B1738 /* AudioToolbox.framework */,
				95C29636206259660091318B /* UIKit.framework */,
				95C29627206250820091318B /* AVFoundation.framework */,
				95C2961E206247450091318B /* CoreNFC.framework */,
			);
			name = Frameworks;
			sourceTree = "<group>";
		};
		95C29629206250B30091318B /* Helpers */ = {
			isa = PBXGroup;
			children = (
				953306872088CB8400A625C8 /* Additions */,
				95C2962A206250D90091318B /* YKFPermissions.h */,
				95C2962B206250D90091318B /* YKFPermissions.m */,
				95C29630206256120091318B /* YKFLogger.h */,
				95C29631206256120091318B /* YKFLogger.m */,
				95C2963820625A180091318B /* YKFView.h */,
				95C2963920625A180091318B /* YKFView.m */,
				95C2963B2062634C0091318B /* YKFViewController.h */,
				95C2963C2062634C0091318B /* YKFViewController.m */,
				956DB6802063EF27006B1738 /* YKFBlockMacros.h */,
				9547C9E3216CB648001E1F4A /* YKFAssert.h */,
				95DD40792099A64C00363FEE /* YKFDispatch.h */,
				95DD407A2099A64C00363FEE /* YKFDispatch.m */,
				95E1B257219EE2D300E349E3 /* YKFKVOObservation.h */,
				95E1B258219EE2D300E349E3 /* YKFKVOObservation.m */,
			);
			path = Helpers;
			sourceTree = "<group>";
		};
		95C2963E206264FB0091318B /* NFCSession */ = {
			isa = PBXGroup;
			children = (
				95DF11902317C60600CF0C39 /* YKFNFCConnectionController.h */,
				95DF11912317C60600CF0C39 /* YKFNFCConnectionController.m */,
				95C2964820627F2F0091318B /* YKFNFCError.h */,
				95C2964920627F2F0091318B /* YKFNFCError.m */,
				956DB691206A89A4006B1738 /* YKFNFCError+Errors.h */,
				95E152A52315257600C4B7E7 /* YKFNFCSession.h */,
				95E152A62315257600C4B7E7 /* YKFNFCSession.m */,
				95E3934220C137770027E7B4 /* YKFURIIdentifierCode.h */,
				95E3934320C137770027E7B4 /* YKFURIIdentifierCode.m */,
				816C68492343126100209342 /* YKFNFCTagDescription.h */,
				816C684A2343126100209342 /* YKFNFCTagDescription.m */,
				816C684C234315CC00209342 /* YKFNFCTagDescription+Private.h */,
			);
			path = NFCSession;
			sourceTree = "<group>";
		};
		95D5E2D6218711CB00AA1C11 /* RawCommand */ = {
			isa = PBXGroup;
			children = (
				95D5E2D7218712BF00AA1C11 /* YKFKeyRawCommandService.h */,
				95D5E2D8218712BF00AA1C11 /* YKFKeyRawCommandService.m */,
				951446A121874013002BB3C5 /* YKFKeyRawCommandService+Private.h */,
			);
			path = RawCommand;
			sourceTree = "<group>";
		};
		95DD407D2099A84700363FEE /* AccessorySession */ = {
			isa = PBXGroup;
			children = (
				95DD409F2099A8A300363FEE /* YKFAccessoryConnectionController.h */,
				95DD40A52099A8A400363FEE /* YKFAccessoryConnectionController.m */,
				953A5077213E9F4600929ABB /* YKFAccessoryDescription.h */,
				953A5078213E9F4600929ABB /* YKFAccessoryDescription.m */,
				953A507A213EA10F00929ABB /* YKFAccessoryDescription+Private.h */,
				95DD40A02099A8A300363FEE /* YKFAccessorySession.h */,
				95DD40A32099A8A300363FEE /* YKFAccessorySession.m */,
				95B58B89229C03AE00199F8E /* YKFAccessorySession+Debugging.h */,
				95B58B8A229C03AE00199F8E /* YKFAccessorySession+Debugging.m */,
				95A6C92320ADAC09004F43CC /* YKFAccessorySession+Private.h */,
				958491712130286900D7E2A3 /* YKFAccessorySessionConfiguration.h */,
				958491722130286900D7E2A3 /* YKFAccessorySessionConfiguration.m */,
			);
			path = AccessorySession;
			sourceTree = "<group>";
		};
		95DD407E2099A85700363FEE /* APDU */ = {
			isa = PBXGroup;
			children = (
				814813C823EA37E90003893B /* MGMT */,
				95DD407F2099A86900363FEE /* YKFAPDU.h */,
				95DD40822099A86900363FEE /* YKFAPDU.m */,
				95A67D7C218729E5008C0B59 /* YKFAPDU+Private.h */,
				9529CBC5214AA8A10041D2F8 /* YKFAPDUCommandInstruction.h */,
			);
			path = APDU;
			sourceTree = "<group>";
		};
		95DD408B2099A87600363FEE /* Errors */ = {
			isa = PBXGroup;
			children = (
				95DD408C2099A88400363FEE /* YKFKeySessionError.h */,
				95DD408D2099A88400363FEE /* YKFKeySessionError.m */,
				95885B1B20A30DBD00828D02 /* YKFKeySessionError+Private.h */,
				9551882E2265F4EE001A4191 /* YKFKeyAPDUError.h */,
				9551882F2265F4EE001A4191 /* YKFKeyAPDUError.m */,
			);
			path = Errors;
			sourceTree = "<group>";
		};
		95DD408F2099A88A00363FEE /* Requests */ = {
			isa = PBXGroup;
			children = (
				95081DEC2214255B006CD08C /* YKFKeyRequest.h */,
				95081DED2214255B006CD08C /* YKFKeyRequest.m */,
				815233FA23B569A1004D4788 /* YKFSlot.h */,
			);
			path = Requests;
			sourceTree = "<group>";
		};
/* End PBXGroup section */

/* Begin PBXNativeTarget section */
		95885B2420A3187700828D02 /* YubiKitTests */ = {
			isa = PBXNativeTarget;
			buildConfigurationList = 95885B2D20A3187700828D02 /* Build configuration list for PBXNativeTarget "YubiKitTests" */;
			buildPhases = (
				95885B2120A3187700828D02 /* Sources */,
				95885B2220A3187700828D02 /* Frameworks */,
				95885B2320A3187700828D02 /* Resources */,
			);
			buildRules = (
			);
			dependencies = (
				95885B2C20A3187700828D02 /* PBXTargetDependency */,
			);
			name = YubiKitTests;
			productName = YubiKitTests;
			productReference = 95885B2520A3187700828D02 /* YubiKitTests.xctest */;
			productType = "com.apple.product-type.bundle.unit-test";
		};
		95C29610206247210091318B /* YubiKit */ = {
			isa = PBXNativeTarget;
			buildConfigurationList = 95C2961A206247210091318B /* Build configuration list for PBXNativeTarget "YubiKit" */;
			buildPhases = (
				95C2960D206247210091318B /* Sources */,
				95C2960E206247210091318B /* Frameworks */,
				95C2960F206247210091318B /* CopyFiles */,
			);
			buildRules = (
			);
			dependencies = (
			);
			name = YubiKit;
			productName = YubiKit;
			productReference = 95C29611206247210091318B /* libYubiKit.a */;
			productType = "com.apple.product-type.library.static";
		};
/* End PBXNativeTarget section */

/* Begin PBXProject section */
		95C29609206247210091318B /* Project object */ = {
			isa = PBXProject;
			attributes = {
				BuildIndependentTargetsInParallel = YES;
				LastUpgradeCheck = 1610;
				ORGANIZATIONNAME = Yubico;
				TargetAttributes = {
					95885B2420A3187700828D02 = {
						CreatedOnToolsVersion = 9.3;
						ProvisioningStyle = Automatic;
					};
					95C29610206247210091318B = {
						CreatedOnToolsVersion = 9.2;
						ProvisioningStyle = Automatic;
					};
				};
			};
			buildConfigurationList = 95C2960C206247210091318B /* Build configuration list for PBXProject "YubiKit" */;
			compatibilityVersion = "Xcode 8.0";
			developmentRegion = en;
			hasScannedForEncodings = 0;
			knownRegions = (
				en,
				Base,
			);
			mainGroup = 95C29608206247210091318B;
			productRefGroup = 95C29612206247210091318B /* Products */;
			projectDirPath = "";
			projectRoot = "";
			targets = (
				95C29610206247210091318B /* YubiKit */,
				95885B2420A3187700828D02 /* YubiKitTests */,
			);
		};
/* End PBXProject section */

/* Begin PBXResourcesBuildPhase section */
		95885B2320A3187700828D02 /* Resources */ = {
			isa = PBXResourcesBuildPhase;
			buildActionMask = 2147483647;
			files = (
			);
			runOnlyForDeploymentPostprocessing = 0;
		};
/* End PBXResourcesBuildPhase section */

/* Begin PBXSourcesBuildPhase section */
		95885B2120A3187700828D02 /* Sources */ = {
			isa = PBXSourcesBuildPhase;
			buildActionMask = 2147483647;
			files = (
				956884C820AAE6F200E0F72C /* YKFNSDataAdditions.m in Sources */,
				951446A021873D43002BB3C5 /* YKFNSMutableDataAdditions.m in Sources */,
				A51F7B1D23EFC6DB0046F6A3 /* YKFNSStringAdditions.m in Sources */,
				956884C920AAE70E00E0F72C /* UIDeviceAdditions.m in Sources */,
				95EEEF6321664E4600BE7D7B /* MF_Base32Additions.m in Sources */,
			);
			runOnlyForDeploymentPostprocessing = 0;
		};
		95C2960D206247210091318B /* Sources */ = {
			isa = PBXSourcesBuildPhase;
			buildActionMask = 2147483647;
			files = (
				95233E552330DEE000C51F92 /* YubiKitLogger.m in Sources */,
				95D7364A21C9119D0039141A /* YKFPCSCErrorMap.m in Sources */,
				95E1B259219EE2D300E349E3 /* YKFKVOObservation.m in Sources */,
				95C296572062A46B0091318B /* YubiKitConfiguration.m in Sources */,
				955BCC0F215A9A4D00C2EA2B /* MF_Base32Additions.m in Sources */,
				95C2965420629FD10091318B /* YubiKitDeviceCapabilities.m in Sources */,
				95C29635206259050091318B /* UIDeviceAdditions.m in Sources */,
				955188302265F4EE001A4191 /* YKFKeyAPDUError.m in Sources */,
				95081DEE2214255B006CD08C /* YKFKeyRequest.m in Sources */,
				956DB66B206391C5006B1738 /* YKFQRCodeScanError.m in Sources */,
				95C29632206256120091318B /* YKFLogger.m in Sources */,
				95885B1820A2F94700828D02 /* YKFAccessoryConnectionController.m in Sources */,
				95DD407B2099A64C00363FEE /* YKFDispatch.m in Sources */,
				95E3934420C137770027E7B4 /* YKFURIIdentifierCode.m in Sources */,
				95E152A72315257600C4B7E7 /* YKFNFCSession.m in Sources */,
				95C2965A2062A5970091318B /* YubiKitManager.m in Sources */,
				958491732130286900D7E2A3 /* YKFAccessorySessionConfiguration.m in Sources */,
				95C2962C206250D90091318B /* YKFPermissions.m in Sources */,
				95D5E2DC2187159700AA1C11 /* YKFNSMutableDataAdditions.m in Sources */,
				95EA81E72178805D0020595D /* YKFNSStringAdditions.m in Sources */,
				958D0B64215D106F00942CB9 /* YKFKeyService.m in Sources */,
				95C2964A20627F2F0091318B /* YKFNFCError.m in Sources */,
				95885B0820A07ED800828D02 /* YKFQRReaderSession.m in Sources */,
				951446AD21885962002BB3C5 /* YKFPCSC.m in Sources */,
				816C684B2343126100209342 /* YKFNFCTagDescription.m in Sources */,
				956DB67220639C7D006B1738 /* YKFQRCodeScanViewController.m in Sources */,
				95C2963A20625A180091318B /* YKFView.m in Sources */,
				95DD408E2099A88500363FEE /* YKFKeySessionError.m in Sources */,
				81FD3B982404889C004C4FE9 /* YKFKeyVersion.m in Sources */,
				951446AA2188592C002BB3C5 /* YKFPCSCLayer.m in Sources */,
				95B58B8B229C03AE00199F8E /* YKFAccessorySession+Debugging.m in Sources */,
				95DD40A72099A8A400363FEE /* YKFAccessorySession.m in Sources */,
				953A5079213E9F4600929ABB /* YKFAccessoryDescription.m in Sources */,
				95DD40892099A86A00363FEE /* YKFAPDU.m in Sources */,
				95DD40782099A4EB00363FEE /* YKFNSDataAdditions.m in Sources */,
				95C2963D2062634C0091318B /* YKFViewController.m in Sources */,
				956DB66F20639C2B006B1738 /* YKFQRCodeScanOverlayView.m in Sources */,
				95C29650206295A00091318B /* YubiKitExternalLocalization.m in Sources */,
				9533068A2088CB9F00A625C8 /* UIWindowAdditions.m in Sources */,
				95D5E2D9218712BF00AA1C11 /* YKFKeyRawCommandService.m in Sources */,
				95DF11922317C60600CF0C39 /* YKFNFCConnectionController.m in Sources */,
				951446A421874CC2002BB3C5 /* YKFKeyCommandConfiguration.m in Sources */,
			);
			runOnlyForDeploymentPostprocessing = 0;
		};
/* End PBXSourcesBuildPhase section */

/* Begin PBXTargetDependency section */
		95885B2C20A3187700828D02 /* PBXTargetDependency */ = {
			isa = PBXTargetDependency;
			target = 95C29610206247210091318B /* YubiKit */;
			targetProxy = 95885B2B20A3187700828D02 /* PBXContainerItemProxy */;
		};
/* End PBXTargetDependency section */

/* Begin XCBuildConfiguration section */
		95885B2E20A3187700828D02 /* Debug */ = {
			isa = XCBuildConfiguration;
			buildSettings = {
				CLANG_ENABLE_OBJC_WEAK = YES;
				CODE_SIGN_STYLE = Automatic;
				DEVELOPMENT_TEAM = LQA3CS5MM7;
				INFOPLIST_FILE = YubiKitTests/Info.plist;
				IPHONEOS_DEPLOYMENT_TARGET = 12.0;
				LD_RUNPATH_SEARCH_PATHS = (
					"$(inherited)",
					"@executable_path/Frameworks",
					"@loader_path/Frameworks",
				);
				OTHER_LDFLAGS = "-ObjcC";
				PRODUCT_BUNDLE_IDENTIFIER = com.yubico.YubiKitTests;
				PRODUCT_NAME = "$(TARGET_NAME)";
				TARGETED_DEVICE_FAMILY = "1,2";
			};
			name = Debug;
		};
		95885B2F20A3187700828D02 /* Release */ = {
			isa = XCBuildConfiguration;
			buildSettings = {
				CLANG_ENABLE_OBJC_WEAK = YES;
				CODE_SIGN_STYLE = Automatic;
				DEVELOPMENT_TEAM = LQA3CS5MM7;
				INFOPLIST_FILE = YubiKitTests/Info.plist;
				IPHONEOS_DEPLOYMENT_TARGET = 12.0;
				LD_RUNPATH_SEARCH_PATHS = (
					"$(inherited)",
					"@executable_path/Frameworks",
					"@loader_path/Frameworks",
				);
				OTHER_LDFLAGS = "-ObjcC";
				PRODUCT_BUNDLE_IDENTIFIER = com.yubico.YubiKitTests;
				PRODUCT_NAME = "$(TARGET_NAME)";
				TARGETED_DEVICE_FAMILY = "1,2";
			};
			name = Release;
		};
		95C29618206247210091318B /* Debug */ = {
			isa = XCBuildConfiguration;
			buildSettings = {
				ALWAYS_SEARCH_USER_PATHS = NO;
				BUILD_LIBRARY_FOR_DISTRIBUTION = YES;
				CLANG_ANALYZER_NONNULL = YES;
				CLANG_ANALYZER_NUMBER_OBJECT_CONVERSION = YES_AGGRESSIVE;
				CLANG_CXX_LANGUAGE_STANDARD = "gnu++14";
				CLANG_CXX_LIBRARY = "libc++";
				CLANG_ENABLE_MODULES = YES;
				CLANG_ENABLE_OBJC_ARC = YES;
				CLANG_WARN_BLOCK_CAPTURE_AUTORELEASING = YES;
				CLANG_WARN_BOOL_CONVERSION = YES;
				CLANG_WARN_COMMA = YES;
				CLANG_WARN_CONSTANT_CONVERSION = YES;
				CLANG_WARN_DEPRECATED_OBJC_IMPLEMENTATIONS = YES;
				CLANG_WARN_DIRECT_OBJC_ISA_USAGE = YES_ERROR;
				CLANG_WARN_DOCUMENTATION_COMMENTS = YES;
				CLANG_WARN_EMPTY_BODY = YES;
				CLANG_WARN_ENUM_CONVERSION = YES;
				CLANG_WARN_INFINITE_RECURSION = YES;
				CLANG_WARN_INT_CONVERSION = YES;
				CLANG_WARN_NON_LITERAL_NULL_CONVERSION = YES;
				CLANG_WARN_OBJC_IMPLICIT_RETAIN_SELF = YES;
				CLANG_WARN_OBJC_LITERAL_CONVERSION = YES;
				CLANG_WARN_OBJC_ROOT_CLASS = YES_ERROR;
				CLANG_WARN_QUOTED_INCLUDE_IN_FRAMEWORK_HEADER = YES;
				CLANG_WARN_RANGE_LOOP_ANALYSIS = YES;
				CLANG_WARN_STRICT_PROTOTYPES = YES;
				CLANG_WARN_SUSPICIOUS_MOVE = YES;
				CLANG_WARN_UNGUARDED_AVAILABILITY = YES_AGGRESSIVE;
				CLANG_WARN_UNREACHABLE_CODE = YES;
				CLANG_WARN__DUPLICATE_METHOD_MATCH = YES;
				CODE_SIGN_IDENTITY = "iPhone Developer";
				COPY_PHASE_STRIP = NO;
				DEBUG_INFORMATION_FORMAT = dwarf;
				ENABLE_STRICT_OBJC_MSGSEND = YES;
				ENABLE_TESTABILITY = YES;
				ENABLE_USER_SCRIPT_SANDBOXING = YES;
				GCC_C_LANGUAGE_STANDARD = gnu11;
				GCC_DYNAMIC_NO_PIC = NO;
				GCC_NO_COMMON_BLOCKS = YES;
				GCC_OPTIMIZATION_LEVEL = 0;
				GCC_PREPROCESSOR_DEFINITIONS = (
					"DEBUG=1",
					"$(inherited)",
				);
				GCC_WARN_64_TO_32_BIT_CONVERSION = YES;
				GCC_WARN_ABOUT_RETURN_TYPE = YES_ERROR;
				GCC_WARN_UNDECLARED_SELECTOR = YES;
				GCC_WARN_UNINITIALIZED_AUTOS = YES_AGGRESSIVE;
				GCC_WARN_UNUSED_FUNCTION = YES;
				GCC_WARN_UNUSED_VARIABLE = YES;
				IPHONEOS_DEPLOYMENT_TARGET = 12.0;
				MTL_ENABLE_DEBUG_INFO = YES;
				ONLY_ACTIVE_ARCH = YES;
				SDKROOT = iphoneos;
			};
			name = Debug;
		};
		95C29619206247210091318B /* Release */ = {
			isa = XCBuildConfiguration;
			buildSettings = {
				ALWAYS_SEARCH_USER_PATHS = NO;
				BUILD_LIBRARY_FOR_DISTRIBUTION = YES;
				CLANG_ANALYZER_NONNULL = YES;
				CLANG_ANALYZER_NUMBER_OBJECT_CONVERSION = YES_AGGRESSIVE;
				CLANG_CXX_LANGUAGE_STANDARD = "gnu++14";
				CLANG_CXX_LIBRARY = "libc++";
				CLANG_ENABLE_CODE_COVERAGE = NO;
				CLANG_ENABLE_MODULES = YES;
				CLANG_ENABLE_OBJC_ARC = YES;
				CLANG_WARN_BLOCK_CAPTURE_AUTORELEASING = YES;
				CLANG_WARN_BOOL_CONVERSION = YES;
				CLANG_WARN_COMMA = YES;
				CLANG_WARN_CONSTANT_CONVERSION = YES;
				CLANG_WARN_DEPRECATED_OBJC_IMPLEMENTATIONS = YES;
				CLANG_WARN_DIRECT_OBJC_ISA_USAGE = YES_ERROR;
				CLANG_WARN_DOCUMENTATION_COMMENTS = YES;
				CLANG_WARN_EMPTY_BODY = YES;
				CLANG_WARN_ENUM_CONVERSION = YES;
				CLANG_WARN_INFINITE_RECURSION = YES;
				CLANG_WARN_INT_CONVERSION = YES;
				CLANG_WARN_NON_LITERAL_NULL_CONVERSION = YES;
				CLANG_WARN_OBJC_IMPLICIT_RETAIN_SELF = YES;
				CLANG_WARN_OBJC_LITERAL_CONVERSION = YES;
				CLANG_WARN_OBJC_ROOT_CLASS = YES_ERROR;
				CLANG_WARN_QUOTED_INCLUDE_IN_FRAMEWORK_HEADER = YES;
				CLANG_WARN_RANGE_LOOP_ANALYSIS = YES;
				CLANG_WARN_STRICT_PROTOTYPES = YES;
				CLANG_WARN_SUSPICIOUS_MOVE = YES;
				CLANG_WARN_UNGUARDED_AVAILABILITY = YES_AGGRESSIVE;
				CLANG_WARN_UNREACHABLE_CODE = YES;
				CLANG_WARN__DUPLICATE_METHOD_MATCH = YES;
				CODE_SIGN_IDENTITY = "iPhone Developer";
				COPY_PHASE_STRIP = NO;
				DEBUG_INFORMATION_FORMAT = "dwarf-with-dsym";
				ENABLE_NS_ASSERTIONS = NO;
				ENABLE_STRICT_OBJC_MSGSEND = YES;
				ENABLE_USER_SCRIPT_SANDBOXING = YES;
				GCC_C_LANGUAGE_STANDARD = gnu11;
				GCC_NO_COMMON_BLOCKS = YES;
				GCC_WARN_64_TO_32_BIT_CONVERSION = YES;
				GCC_WARN_ABOUT_RETURN_TYPE = YES_ERROR;
				GCC_WARN_UNDECLARED_SELECTOR = YES;
				GCC_WARN_UNINITIALIZED_AUTOS = YES_AGGRESSIVE;
				GCC_WARN_UNUSED_FUNCTION = YES;
				GCC_WARN_UNUSED_VARIABLE = YES;
				IPHONEOS_DEPLOYMENT_TARGET = 12.0;
				MTL_ENABLE_DEBUG_INFO = NO;
				SDKROOT = iphoneos;
				VALIDATE_PRODUCT = YES;
			};
			name = Release;
		};
		95C2961B206247210091318B /* Debug */ = {
			isa = XCBuildConfiguration;
			buildSettings = {
				CODE_SIGN_STYLE = Automatic;
				DEVELOPMENT_TEAM = LQA3CS5MM7;
				OTHER_LDFLAGS = "-ObjC";
				PRODUCT_NAME = "$(TARGET_NAME)";
				SKIP_INSTALL = YES;
				TARGETED_DEVICE_FAMILY = "1,2";
			};
			name = Debug;
		};
		95C2961C206247210091318B /* Release */ = {
			isa = XCBuildConfiguration;
			buildSettings = {
				CODE_SIGN_STYLE = Automatic;
				DEVELOPMENT_TEAM = LQA3CS5MM7;
				OTHER_LDFLAGS = "-ObjC";
				PRODUCT_NAME = "$(TARGET_NAME)";
				SKIP_INSTALL = YES;
				TARGETED_DEVICE_FAMILY = "1,2";
			};
			name = Release;
		};
/* End XCBuildConfiguration section */

/* Begin XCConfigurationList section */
		95885B2D20A3187700828D02 /* Build configuration list for PBXNativeTarget "YubiKitTests" */ = {
			isa = XCConfigurationList;
			buildConfigurations = (
				95885B2E20A3187700828D02 /* Debug */,
				95885B2F20A3187700828D02 /* Release */,
			);
			defaultConfigurationIsVisible = 0;
			defaultConfigurationName = Release;
		};
		95C2960C206247210091318B /* Build configuration list for PBXProject "YubiKit" */ = {
			isa = XCConfigurationList;
			buildConfigurations = (
				95C29618206247210091318B /* Debug */,
				95C29619206247210091318B /* Release */,
			);
			defaultConfigurationIsVisible = 0;
			defaultConfigurationName = Release;
		};
		95C2961A206247210091318B /* Build configuration list for PBXNativeTarget "YubiKit" */ = {
			isa = XCConfigurationList;
			buildConfigurations = (
				95C2961B206247210091318B /* Debug */,
				95C2961C206247210091318B /* Release */,
			);
			defaultConfigurationIsVisible = 0;
			defaultConfigurationName = Release;
		};
/* End XCConfigurationList section */
	};
	rootObject = 95C29609206247210091318B /* Project object */;
}
